{
    "_readme": [
        "This file locks the dependencies of your project to a known state",
        "Read more about it at http://getcomposer.org/doc/01-basic-usage.md#composer-lock-the-lock-file"
    ],
    "hash": "30042b7c34d6d9a63cd8c188aa901e5d",
    "packages": [
        {
            "name": "aptoma/twig-markdown",
            "version": "dev-master",
            "source": {
                "type": "git",
                "url": "https://github.com/aptoma/twig-markdown.git",
                "reference": "2c0972ecdaf5c94a0dec01b7c9af7919f2c6498d"
            },
            "dist": {
                "type": "zip",
                "url": "https://api.github.com/repos/aptoma/twig-markdown/zipball/2c0972ecdaf5c94a0dec01b7c9af7919f2c6498d",
                "reference": "2c0972ecdaf5c94a0dec01b7c9af7919f2c6498d",
                "shasum": ""
            },
            "require": {
                "twig/twig": "~1"
            },
            "require-dev": {
                "dflydev/markdown": "~1",
                "michelf/php-markdown": "~1"
            },
            "suggest": {
                "dflydev/markdown": "Markdown engine based on the simple michelf/php-markdown engine.",
                "michelf/php-markdown": "Original Markdown engine with MarkdownExtra."
            },
            "type": "library",
            "autoload": {
                "psr-0": {
                    "Aptoma": "src/"
                }
            },
            "notification-url": "https://packagist.org/downloads/",
            "license": [
                "MIT"
            ],
            "authors": [
                {
                    "name": "Gunnar Lium",
                    "email": "gunnar@aptoma.com"
                },
                {
                    "name": "Joris Berthelot",
                    "email": "joris@berthelot.tel"
                }
            ],
            "description": "Twig extension to work with Markdown content",
            "keywords": [
                "markdown",
                "twig"
            ],
            "time": "2013-09-26 15:14:08"
        },
        {
            "name": "michelf/php-markdown",
            "version": "dev-lib",
            "source": {
                "type": "git",
                "url": "https://github.com/michelf/php-markdown.git",
                "reference": "9dbd8352deac7d3a00ba9e2360b0d9f1c31b4b4c"
            },
            "dist": {
                "type": "zip",
                "url": "https://api.github.com/repos/michelf/php-markdown/zipball/9dbd8352deac7d3a00ba9e2360b0d9f1c31b4b4c",
                "reference": "9dbd8352deac7d3a00ba9e2360b0d9f1c31b4b4c",
                "shasum": ""
            },
            "require": {
                "php": ">=5.3.0"
            },
            "type": "library",
            "extra": {
                "branch-alias": {
                    "dev-lib": "1.3.x-dev"
                }
            },
            "autoload": {
                "psr-0": {
                    "Michelf": ""
                }
            },
            "notification-url": "https://packagist.org/downloads/",
            "license": [
                "BSD-3-Clause"
            ],
            "authors": [
                {
                    "name": "Michel Fortin",
                    "email": "michel.fortin@michelf.ca",
                    "homepage": "http://michelf.ca/",
                    "role": "Developer"
                },
                {
                    "name": "John Gruber",
                    "homepage": "http://daringfireball.net/"
                }
            ],
            "description": "PHP Markdown",
            "homepage": "http://michelf.ca/projects/php-markdown/",
            "keywords": [
                "markdown"
            ],
            "time": "2013-08-02 10:50:14"
        },
        {
            "name": "rgou/doc-renderer",
            "version": "dev-master",
            "source": {
                "type": "git",
                "url": "https://github.com/rafaelgou/doc-renderer.git",
                "reference": "57fa6b13bf002de5dd02da274a55ac049aecbf5e"
            },
            "dist": {
                "type": "zip",
                "url": "https://api.github.com/repos/rafaelgou/doc-renderer/zipball/57fa6b13bf002de5dd02da274a55ac049aecbf5e",
                "reference": "57fa6b13bf002de5dd02da274a55ac049aecbf5e",
                "shasum": ""
            },
            "require": {
                "aptoma/twig-markdown": "dev-master",
                "michelf/php-markdown": "1.3.*@dev",
                "php": ">=5.3.2",
                "symfony/yaml": "2.2.*@dev",
                "twig/extensions": "1.0.*",
                "twig/twig": "1.*"
            },
            "type": "symfony-bundle",
            "autoload": {
                "psr-0": {
                    "Rgou\\DocRenderer": ""
                }
            },
            "notification-url": "https://packagist.org/downloads/",
            "license": [
                "MIT"
            ],
            "authors": [
                {
                    "name": "Rafael Goulart",
                    "email": "rafaelgou@gmail.com",
                    "homepage": "http://tech.rgou.net",
                    "role": "Developer"
                }
            ],
            "description": "A Markdown/RestructuredText Renderer",
            "homepage": "http://github.com/rafaelgou/doc-renderer",
            "keywords": [
                "boostrap",
                "bundle",
                "symfony",
                "theme",
                "twitter"
            ],
            "time": "2013-10-09 20:37:55"
        },
        {
            "name": "symfony/yaml",
            "version": "2.2.x-dev",
            "target-dir": "Symfony/Component/Yaml",
            "source": {
                "type": "git",
                "url": "https://github.com/symfony/Yaml.git",
                "reference": "bb697b6617b90c91b2a65d24ce32035afe5e3418"
            },
            "dist": {
                "type": "zip",
                "url": "https://api.github.com/repos/symfony/Yaml/zipball/bb697b6617b90c91b2a65d24ce32035afe5e3418",
                "reference": "bb697b6617b90c91b2a65d24ce32035afe5e3418",
                "shasum": ""
            },
            "require": {
                "php": ">=5.3.3"
            },
            "type": "library",
            "extra": {
                "branch-alias": {
                    "dev-master": "2.2-dev"
                }
            },
            "autoload": {
                "psr-0": {
                    "Symfony\\Component\\Yaml\\": ""
                }
            },
            "notification-url": "https://packagist.org/downloads/",
            "license": [
                "MIT"
            ],
            "authors": [
                {
                    "name": "Fabien Potencier",
                    "email": "fabien@symfony.com"
                },
                {
                    "name": "Symfony Community",
                    "homepage": "http://symfony.com/contributors"
                }
            ],
            "description": "Symfony Yaml Component",
            "homepage": "http://symfony.com",
            "time": "2013-09-22 17:30:19"
        },
        {
            "name": "twig/extensions",
            "version": "dev-master",
            "source": {
                "type": "git",
                "url": "https://github.com/fabpot/Twig-extensions.git",
                "reference": "3604161a4aa2e5c535cbc708810123fd3258b2dc"
            },
            "dist": {
                "type": "zip",
                "url": "https://api.github.com/repos/fabpot/Twig-extensions/zipball/3604161a4aa2e5c535cbc708810123fd3258b2dc",
                "reference": "3604161a4aa2e5c535cbc708810123fd3258b2dc",
                "shasum": ""
            },
            "require": {
                "twig/twig": "~1.0"
            },
            "type": "library",
            "extra": {
                "branch-alias": {
                    "dev-master": "1.0.x-dev"
                }
            },
            "autoload": {
                "psr-0": {
                    "Twig_Extensions_": "lib/"
                }
            },
            "notification-url": "https://packagist.org/downloads/",
            "license": [
                "MIT"
            ],
            "authors": [
                {
                    "name": "Fabien Potencier",
                    "email": "fabien@symfony.com"
                }
            ],
            "description": "Common additional features for Twig that do not directly belong in core",
            "homepage": "https://github.com/fabpot/Twig-extensions",
            "keywords": [
                "debug",
                "i18n",
                "text"
            ],
            "time": "2013-09-27 20:07:42"
        },
        {
            "name": "twig/twig",
            "version": "dev-master",
            "source": {
                "type": "git",
                "url": "https://github.com/fabpot/Twig.git",
                "reference": "09c386b3359cc22b4112197c2d8c6d6f7a49c918"
            },
            "dist": {
                "type": "zip",
                "url": "https://api.github.com/repos/fabpot/Twig/zipball/09c386b3359cc22b4112197c2d8c6d6f7a49c918",
                "reference": "09c386b3359cc22b4112197c2d8c6d6f7a49c918",
                "shasum": ""
            },
            "require": {
                "php": ">=5.2.4"
            },
            "type": "library",
            "extra": {
                "branch-alias": {
                    "dev-master": "1.14-dev"
                }
            },
            "autoload": {
                "psr-0": {
                    "Twig_": "lib/"
                }
            },
            "notification-url": "https://packagist.org/downloads/",
            "license": [
                "BSD-3-Clause"
            ],
            "authors": [
                {
                    "name": "Fabien Potencier",
                    "email": "fabien@symfony.com"
                },
                {
                    "name": "Armin Ronacher",
                    "email": "armin.ronacher@active-4.com"
                }
            ],
            "description": "Twig, the flexible, fast, and secure template language for PHP",
            "homepage": "http://twig.sensiolabs.org",
            "keywords": [
                "templating"
            ],
            "time": "2013-10-07 10:00:50"
        }
    ],
    "packages-dev": [

    ],
    "aliases": [

    ],
    "minimum-stability": "dev",
    "stability-flags": [

    ],
    "platform": [

    ],
    "platform-dev": [

    ]
}
